
Microsoft Visual Studio Solution File, Format Version 12.00
Project("{FAE04EC0-301F-11D3-BF4B-00C04F79EFBC}") = "WebApp", "WebApp\WebApp.csproj", "{56945F6E-7D07-4B3E-B60C-31C4A8B6C2B9}"
EndProject
Project("{2150E333-8FDC-42A3-9474-1A3956D46DE8}") = "App", "App", "{7399808B-4241-4E73-8ECB-FE8421FE60B6}"
EndProject
Project("{2150E333-8FDC-42A3-9474-1A3956D46DE8}") = "Base", "Base", "{13919979-7980-4FE1-8033-C83D17774356}"
EndProject
Project("{2150E333-8FDC-42A3-9474-1A3956D46DE8}") = "Contracts", "Contracts", "{9E927250-2961-4DF7-B8AF-803B84E5A393}"
EndProject
Project("{FAE04EC0-301F-11D3-BF4B-00C04F79EFBC}") = "Domain.Contracts.Base", "Domain.Contracts.Base\Domain.Contracts.Base.csproj", "{EAC608D9-6E8E-48A4-B042-CBBDBC965ABE}"
EndProject
Project("{FAE04EC0-301F-11D3-BF4B-00C04F79EFBC}") = "Domain.Base", "Domain.Base\Domain.Base.csproj", "{F3FC04B7-94F8-4381-84F6-FA47D6B8BA6D}"
EndProject
Project("{FAE04EC0-301F-11D3-BF4B-00C04F79EFBC}") = "Domain.App", "Domain.App\Domain.App.csproj", "{CAACD266-40E4-46D8-B426-4963D7C54210}"
EndProject
Project("{FAE04EC0-301F-11D3-BF4B-00C04F79EFBC}") = "DAL.EF.App", "DAL.EF.App\DAL.EF.App.csproj", "{A31CCDA9-5EFC-4B36-AA7D-599DEFFFD97D}"
EndProject
Project("{FAE04EC0-301F-11D3-BF4B-00C04F79EFBC}") = "DAL.Contracts.Base", "DAL.Contracts.Base\DAL.Contracts.Base.csproj", "{393C59B1-A578-46FA-B552-D1E67479D209}"
EndProject
Project("{FAE04EC0-301F-11D3-BF4B-00C04F79EFBC}") = "DAL.EF.Base", "DAL.EF.Base\DAL.EF.Base.csproj", "{1D956FCC-63F9-433C-B02C-82BD1E45A124}"
EndProject
Project("{2150E333-8FDC-42A3-9474-1A3956D46DE8}") = "Contracts", "Contracts", "{31983540-29B8-4145-913C-D50F5D2B7EA8}"
EndProject
Project("{FAE04EC0-301F-11D3-BF4B-00C04F79EFBC}") = "DAL.Contracts.App", "DAL.Contracts.App\DAL.Contracts.App.csproj", "{76FD3026-3712-4C69-A9FE-6CA267F83BA3}"
EndProject
Project("{FAE04EC0-301F-11D3-BF4B-00C04F79EFBC}") = "Tests", "Tests\Tests.csproj", "{04FECCD5-E3B3-4372-80BA-2302B8B357CE}"
EndProject
Project("{FAE04EC0-301F-11D3-BF4B-00C04F79EFBC}") = "Public.DTO", "Public.DTO\Public.DTO.csproj", "{FED567F2-CBB3-4C38-8A3D-1A1DFEBB0397}"
EndProject
Project("{FAE04EC0-301F-11D3-BF4B-00C04F79EFBC}") = "Helpers.Base", "Helpers.Base\Helpers.Base.csproj", "{3C022D45-A2E7-4809-8E73-CEB33F02E39B}"
EndProject
Project("{FAE04EC0-301F-11D3-BF4B-00C04F79EFBC}") = "Contracts.Base", "Contracts.Base\Contracts.Base.csproj", "{58CBFF34-FBCF-4829-8D02-7A0CE88A4724}"
EndProject
Project("{FAE04EC0-301F-11D3-BF4B-00C04F79EFBC}") = "DAL.Base", "DAL.Base\DAL.Base.csproj", "{F8F3D55D-25BE-4558-A7CD-D6835640AC56}"
EndProject
Project("{FAE04EC0-301F-11D3-BF4B-00C04F79EFBC}") = "BLL.Contracts.Base", "BLL.Contracts.Base\BLL.Contracts.Base.csproj", "{8569878E-D066-48C3-AAEB-E65190058E71}"
EndProject
Project("{FAE04EC0-301F-11D3-BF4B-00C04F79EFBC}") = "BLL.Base", "BLL.Base\BLL.Base.csproj", "{558C0CBD-7D63-4CAA-95C6-ED655F42A01A}"
EndProject
Project("{FAE04EC0-301F-11D3-BF4B-00C04F79EFBC}") = "BLL.App", "BLL.App\BLL.App.csproj", "{F79C4E94-915F-4DBB-BF62-0B366451B770}"
EndProject
Project("{FAE04EC0-301F-11D3-BF4B-00C04F79EFBC}") = "BLL.DTO", "BLL.DTO\BLL.DTO.csproj", "{82B438B1-A2CF-4E2A-9B8D-5CD50F6F28DF}"
EndProject
Project("{FAE04EC0-301F-11D3-BF4B-00C04F79EFBC}") = "BLL.Contracts.App", "BLL.Contracts.App\BLL.Contracts.App.csproj", "{FE4AF1DE-B123-4F12-8849-7B977F8EBB41}"
EndProject
Global
	GlobalSection(SolutionConfigurationPlatforms) = preSolution
		Debug|Any CPU = Debug|Any CPU
		Release|Any CPU = Release|Any CPU
	EndGlobalSection
	GlobalSection(ProjectConfigurationPlatforms) = postSolution
		{56945F6E-7D07-4B3E-B60C-31C4A8B6C2B9}.Debug|Any CPU.ActiveCfg = Debug|Any CPU
		{56945F6E-7D07-4B3E-B60C-31C4A8B6C2B9}.Debug|Any CPU.Build.0 = Debug|Any CPU
		{56945F6E-7D07-4B3E-B60C-31C4A8B6C2B9}.Release|Any CPU.ActiveCfg = Release|Any CPU
		{56945F6E-7D07-4B3E-B60C-31C4A8B6C2B9}.Release|Any CPU.Build.0 = Release|Any CPU
		{EAC608D9-6E8E-48A4-B042-CBBDBC965ABE}.Debug|Any CPU.ActiveCfg = Debug|Any CPU
		{EAC608D9-6E8E-48A4-B042-CBBDBC965ABE}.Debug|Any CPU.Build.0 = Debug|Any CPU
		{EAC608D9-6E8E-48A4-B042-CBBDBC965ABE}.Release|Any CPU.ActiveCfg = Release|Any CPU
		{EAC608D9-6E8E-48A4-B042-CBBDBC965ABE}.Release|Any CPU.Build.0 = Release|Any CPU
		{F3FC04B7-94F8-4381-84F6-FA47D6B8BA6D}.Debug|Any CPU.ActiveCfg = Debug|Any CPU
		{F3FC04B7-94F8-4381-84F6-FA47D6B8BA6D}.Debug|Any CPU.Build.0 = Debug|Any CPU
		{F3FC04B7-94F8-4381-84F6-FA47D6B8BA6D}.Release|Any CPU.ActiveCfg = Release|Any CPU
		{F3FC04B7-94F8-4381-84F6-FA47D6B8BA6D}.Release|Any CPU.Build.0 = Release|Any CPU
		{CAACD266-40E4-46D8-B426-4963D7C54210}.Debug|Any CPU.ActiveCfg = Debug|Any CPU
		{CAACD266-40E4-46D8-B426-4963D7C54210}.Debug|Any CPU.Build.0 = Debug|Any CPU
		{CAACD266-40E4-46D8-B426-4963D7C54210}.Release|Any CPU.ActiveCfg = Release|Any CPU
		{CAACD266-40E4-46D8-B426-4963D7C54210}.Release|Any CPU.Build.0 = Release|Any CPU
		{A31CCDA9-5EFC-4B36-AA7D-599DEFFFD97D}.Debug|Any CPU.ActiveCfg = Debug|Any CPU
		{A31CCDA9-5EFC-4B36-AA7D-599DEFFFD97D}.Debug|Any CPU.Build.0 = Debug|Any CPU
		{A31CCDA9-5EFC-4B36-AA7D-599DEFFFD97D}.Release|Any CPU.ActiveCfg = Release|Any CPU
		{A31CCDA9-5EFC-4B36-AA7D-599DEFFFD97D}.Release|Any CPU.Build.0 = Release|Any CPU
		{393C59B1-A578-46FA-B552-D1E67479D209}.Debug|Any CPU.ActiveCfg = Debug|Any CPU
		{393C59B1-A578-46FA-B552-D1E67479D209}.Debug|Any CPU.Build.0 = Debug|Any CPU
		{393C59B1-A578-46FA-B552-D1E67479D209}.Release|Any CPU.ActiveCfg = Release|Any CPU
		{393C59B1-A578-46FA-B552-D1E67479D209}.Release|Any CPU.Build.0 = Release|Any CPU
		{1D956FCC-63F9-433C-B02C-82BD1E45A124}.Debug|Any CPU.ActiveCfg = Debug|Any CPU
		{1D956FCC-63F9-433C-B02C-82BD1E45A124}.Debug|Any CPU.Build.0 = Debug|Any CPU
		{1D956FCC-63F9-433C-B02C-82BD1E45A124}.Release|Any CPU.ActiveCfg = Release|Any CPU
		{1D956FCC-63F9-433C-B02C-82BD1E45A124}.Release|Any CPU.Build.0 = Release|Any CPU
		{76FD3026-3712-4C69-A9FE-6CA267F83BA3}.Debug|Any CPU.ActiveCfg = Debug|Any CPU
		{76FD3026-3712-4C69-A9FE-6CA267F83BA3}.Debug|Any CPU.Build.0 = Debug|Any CPU
		{76FD3026-3712-4C69-A9FE-6CA267F83BA3}.Release|Any CPU.ActiveCfg = Release|Any CPU
		{76FD3026-3712-4C69-A9FE-6CA267F83BA3}.Release|Any CPU.Build.0 = Release|Any CPU
		{04FECCD5-E3B3-4372-80BA-2302B8B357CE}.Debug|Any CPU.ActiveCfg = Debug|Any CPU
		{04FECCD5-E3B3-4372-80BA-2302B8B357CE}.Debug|Any CPU.Build.0 = Debug|Any CPU
		{04FECCD5-E3B3-4372-80BA-2302B8B357CE}.Release|Any CPU.ActiveCfg = Release|Any CPU
		{04FECCD5-E3B3-4372-80BA-2302B8B357CE}.Release|Any CPU.Build.0 = Release|Any CPU
		{FED567F2-CBB3-4C38-8A3D-1A1DFEBB0397}.Debug|Any CPU.ActiveCfg = Debug|Any CPU
		{FED567F2-CBB3-4C38-8A3D-1A1DFEBB0397}.Debug|Any CPU.Build.0 = Debug|Any CPU
		{FED567F2-CBB3-4C38-8A3D-1A1DFEBB0397}.Release|Any CPU.ActiveCfg = Release|Any CPU
		{FED567F2-CBB3-4C38-8A3D-1A1DFEBB0397}.Release|Any CPU.Build.0 = Release|Any CPU
		{3C022D45-A2E7-4809-8E73-CEB33F02E39B}.Debug|Any CPU.ActiveCfg = Debug|Any CPU
		{3C022D45-A2E7-4809-8E73-CEB33F02E39B}.Debug|Any CPU.Build.0 = Debug|Any CPU
		{3C022D45-A2E7-4809-8E73-CEB33F02E39B}.Release|Any CPU.ActiveCfg = Release|Any CPU
		{3C022D45-A2E7-4809-8E73-CEB33F02E39B}.Release|Any CPU.Build.0 = Release|Any CPU
		{58CBFF34-FBCF-4829-8D02-7A0CE88A4724}.Debug|Any CPU.ActiveCfg = Debug|Any CPU
		{58CBFF34-FBCF-4829-8D02-7A0CE88A4724}.Debug|Any CPU.Build.0 = Debug|Any CPU
		{58CBFF34-FBCF-4829-8D02-7A0CE88A4724}.Release|Any CPU.ActiveCfg = Release|Any CPU
		{58CBFF34-FBCF-4829-8D02-7A0CE88A4724}.Release|Any CPU.Build.0 = Release|Any CPU
		{F8F3D55D-25BE-4558-A7CD-D6835640AC56}.Debug|Any CPU.ActiveCfg = Debug|Any CPU
		{F8F3D55D-25BE-4558-A7CD-D6835640AC56}.Debug|Any CPU.Build.0 = Debug|Any CPU
		{F8F3D55D-25BE-4558-A7CD-D6835640AC56}.Release|Any CPU.ActiveCfg = Release|Any CPU
		{F8F3D55D-25BE-4558-A7CD-D6835640AC56}.Release|Any CPU.Build.0 = Release|Any CPU
		{8569878E-D066-48C3-AAEB-E65190058E71}.Debug|Any CPU.ActiveCfg = Debug|Any CPU
		{8569878E-D066-48C3-AAEB-E65190058E71}.Debug|Any CPU.Build.0 = Debug|Any CPU
		{8569878E-D066-48C3-AAEB-E65190058E71}.Release|Any CPU.ActiveCfg = Release|Any CPU
		{8569878E-D066-48C3-AAEB-E65190058E71}.Release|Any CPU.Build.0 = Release|Any CPU
		{558C0CBD-7D63-4CAA-95C6-ED655F42A01A}.Debug|Any CPU.ActiveCfg = Debug|Any CPU
		{558C0CBD-7D63-4CAA-95C6-ED655F42A01A}.Debug|Any CPU.Build.0 = Debug|Any CPU
		{558C0CBD-7D63-4CAA-95C6-ED655F42A01A}.Release|Any CPU.ActiveCfg = Release|Any CPU
		{558C0CBD-7D63-4CAA-95C6-ED655F42A01A}.Release|Any CPU.Build.0 = Release|Any CPU
		{F79C4E94-915F-4DBB-BF62-0B366451B770}.Debug|Any CPU.ActiveCfg = Debug|Any CPU
		{F79C4E94-915F-4DBB-BF62-0B366451B770}.Debug|Any CPU.Build.0 = Debug|Any CPU
		{F79C4E94-915F-4DBB-BF62-0B366451B770}.Release|Any CPU.ActiveCfg = Release|Any CPU
		{F79C4E94-915F-4DBB-BF62-0B366451B770}.Release|Any CPU.Build.0 = Release|Any CPU
		{82B438B1-A2CF-4E2A-9B8D-5CD50F6F28DF}.Debug|Any CPU.ActiveCfg = Debug|Any CPU
		{82B438B1-A2CF-4E2A-9B8D-5CD50F6F28DF}.Debug|Any CPU.Build.0 = Debug|Any CPU
		{82B438B1-A2CF-4E2A-9B8D-5CD50F6F28DF}.Release|Any CPU.ActiveCfg = Release|Any CPU
		{82B438B1-A2CF-4E2A-9B8D-5CD50F6F28DF}.Release|Any CPU.Build.0 = Release|Any CPU
		{FE4AF1DE-B123-4F12-8849-7B977F8EBB41}.Debug|Any CPU.ActiveCfg = Debug|Any CPU
		{FE4AF1DE-B123-4F12-8849-7B977F8EBB41}.Debug|Any CPU.Build.0 = Debug|Any CPU
		{FE4AF1DE-B123-4F12-8849-7B977F8EBB41}.Release|Any CPU.ActiveCfg = Release|Any CPU
		{FE4AF1DE-B123-4F12-8849-7B977F8EBB41}.Release|Any CPU.Build.0 = Release|Any CPU
	EndGlobalSection
	GlobalSection(NestedProjects) = preSolution
		{56945F6E-7D07-4B3E-B60C-31C4A8B6C2B9} = {7399808B-4241-4E73-8ECB-FE8421FE60B6}
		{9E927250-2961-4DF7-B8AF-803B84E5A393} = {13919979-7980-4FE1-8033-C83D17774356}
		{EAC608D9-6E8E-48A4-B042-CBBDBC965ABE} = {9E927250-2961-4DF7-B8AF-803B84E5A393}
		{F3FC04B7-94F8-4381-84F6-FA47D6B8BA6D} = {13919979-7980-4FE1-8033-C83D17774356}
		{CAACD266-40E4-46D8-B426-4963D7C54210} = {7399808B-4241-4E73-8ECB-FE8421FE60B6}
		{A31CCDA9-5EFC-4B36-AA7D-599DEFFFD97D} = {7399808B-4241-4E73-8ECB-FE8421FE60B6}
		{393C59B1-A578-46FA-B552-D1E67479D209} = {9E927250-2961-4DF7-B8AF-803B84E5A393}
		{1D956FCC-63F9-433C-B02C-82BD1E45A124} = {13919979-7980-4FE1-8033-C83D17774356}
		{31983540-29B8-4145-913C-D50F5D2B7EA8} = {7399808B-4241-4E73-8ECB-FE8421FE60B6}
		{76FD3026-3712-4C69-A9FE-6CA267F83BA3} = {31983540-29B8-4145-913C-D50F5D2B7EA8}
		{04FECCD5-E3B3-4372-80BA-2302B8B357CE} = {7399808B-4241-4E73-8ECB-FE8421FE60B6}
		{FED567F2-CBB3-4C38-8A3D-1A1DFEBB0397} = {7399808B-4241-4E73-8ECB-FE8421FE60B6}
		{3C022D45-A2E7-4809-8E73-CEB33F02E39B} = {13919979-7980-4FE1-8033-C83D17774356}
		{58CBFF34-FBCF-4829-8D02-7A0CE88A4724} = {9E927250-2961-4DF7-B8AF-803B84E5A393}
		{F8F3D55D-25BE-4558-A7CD-D6835640AC56} = {9E927250-2961-4DF7-B8AF-803B84E5A393}
		{8569878E-D066-48C3-AAEB-E65190058E71} = {9E927250-2961-4DF7-B8AF-803B84E5A393}
		{558C0CBD-7D63-4CAA-95C6-ED655F42A01A} = {13919979-7980-4FE1-8033-C83D17774356}
		{F79C4E94-915F-4DBB-BF62-0B366451B770} = {7399808B-4241-4E73-8ECB-FE8421FE60B6}
		{82B438B1-A2CF-4E2A-9B8D-5CD50F6F28DF} = {7399808B-4241-4E73-8ECB-FE8421FE60B6}
		{FE4AF1DE-B123-4F12-8849-7B977F8EBB41} = {31983540-29B8-4145-913C-D50F5D2B7EA8}
	EndGlobalSection
EndGlobal
